
Microsoft Visual Studio Solution File, Format Version 11.00
# Visual Studio 2010
Project("{8BC9CEB8-8B4A-11D0-8D11-00A0C91BC942}") = "partageable", "partageable\partageable.vcxproj", "{F6B61D36-AC7D-4BA3-B0E1-396B3EEBE9C7}"
	ProjectSection(ProjectDependencies) = postProject
		{CE99E42F-D81E-451E-88D0-EBC26B353EC4} = {CE99E42F-D81E-451E-88D0-EBC26B353EC4}
		{38791A35-6BDD-42B2-873F-621244FB3426} = {38791A35-6BDD-42B2-873F-621244FB3426}
		{5001BDBB-2E45-485A-AB91-0C9770A413BC} = {5001BDBB-2E45-485A-AB91-0C9770A413BC}
		{E87B08C5-E012-4C1E-A33F-9FB91F319944} = {E87B08C5-E012-4C1E-A33F-9FB91F319944}
	EndProjectSection
EndProject
Project("{8BC9CEB8-8B4A-11D0-8D11-00A0C91BC942}") = "Composant1", "Composant1\Composant1.vcxproj", "{5001BDBB-2E45-485A-AB91-0C9770A413BC}"
	ProjectSection(ProjectDependencies) = postProject
		{E87B08C5-E012-4C1E-A33F-9FB91F319944} = {E87B08C5-E012-4C1E-A33F-9FB91F319944}
	EndProjectSection
EndProject
Project("{8BC9CEB8-8B4A-11D0-8D11-00A0C91BC942}") = "Composant2", "Composant2\Composant2.vcxproj", "{38791A35-6BDD-42B2-873F-621244FB3426}"
EndProject
Project("{8BC9CEB8-8B4A-11D0-8D11-00A0C91BC942}") = "Composant3", "Composant3\Composant3.vcxproj", "{E87B08C5-E012-4C1E-A33F-9FB91F319944}"
EndProject
Project("{8BC9CEB8-8B4A-11D0-8D11-00A0C91BC942}") = "Composant4", "Composant4\Composant4.vcxproj", "{CE99E42F-D81E-451E-88D0-EBC26B353EC4}"
	ProjectSection(ProjectDependencies) = postProject
		{5001BDBB-2E45-485A-AB91-0C9770A413BC} = {5001BDBB-2E45-485A-AB91-0C9770A413BC}
	EndProjectSection
EndProject
Global
	GlobalSection(SolutionConfigurationPlatforms) = preSolution
		Debug|Win32 = Debug|Win32
		Release|Win32 = Release|Win32
	EndGlobalSection
	GlobalSection(ProjectConfigurationPlatforms) = postSolution
		{F6B61D36-AC7D-4BA3-B0E1-396B3EEBE9C7}.Debug|Win32.ActiveCfg = Debug|Win32
		{F6B61D36-AC7D-4BA3-B0E1-396B3EEBE9C7}.Debug|Win32.Build.0 = Debug|Win32
		{F6B61D36-AC7D-4BA3-B0E1-396B3EEBE9C7}.Release|Win32.ActiveCfg = Release|Win32
		{F6B61D36-AC7D-4BA3-B0E1-396B3EEBE9C7}.Release|Win32.Build.0 = Release|Win32
		{5001BDBB-2E45-485A-AB91-0C9770A413BC}.Debug|Win32.ActiveCfg = Debug|Win32
		{5001BDBB-2E45-485A-AB91-0C9770A413BC}.Debug|Win32.Build.0 = Debug|Win32
		{5001BDBB-2E45-485A-AB91-0C9770A413BC}.Release|Win32.ActiveCfg = Release|Win32
		{5001BDBB-2E45-485A-AB91-0C9770A413BC}.Release|Win32.Build.0 = Release|Win32
		{38791A35-6BDD-42B2-873F-621244FB3426}.Debug|Win32.ActiveCfg = Debug|Win32
		{38791A35-6BDD-42B2-873F-621244FB3426}.Debug|Win32.Build.0 = Debug|Win32
		{38791A35-6BDD-42B2-873F-621244FB3426}.Release|Win32.ActiveCfg = Release|Win32
		{38791A35-6BDD-42B2-873F-621244FB3426}.Release|Win32.Build.0 = Release|Win32
		{E87B08C5-E012-4C1E-A33F-9FB91F319944}.Debug|Win32.ActiveCfg = Debug|Win32
		{E87B08C5-E012-4C1E-A33F-9FB91F319944}.Debug|Win32.Build.0 = Debug|Win32
		{E87B08C5-E012-4C1E-A33F-9FB91F319944}.Release|Win32.ActiveCfg = Release|Win32
		{E87B08C5-E012-4C1E-A33F-9FB91F319944}.Release|Win32.Build.0 = Release|Win32
		{CE99E42F-D81E-451E-88D0-EBC26B353EC4}.Debug|Win32.ActiveCfg = Debug|Win32
		{CE99E42F-D81E-451E-88D0-EBC26B353EC4}.Debug|Win32.Build.0 = Debug|Win32
		{CE99E42F-D81E-451E-88D0-EBC26B353EC4}.Release|Win32.ActiveCfg = Release|Win32
		{CE99E42F-D81E-451E-88D0-EBC26B353EC4}.Release|Win32.Build.0 = Release|Win32
	EndGlobalSection
	GlobalSection(SolutionProperties) = preSolution
		HideSolutionNode = FALSE
	EndGlobalSection
EndGlobal
